
Microsoft Visual Studio Solution File, Format Version 12.00
# Visual Studio Version 17
VisualStudioVersion = 17.8.34330.188
MinimumVisualStudioVersion = 10.0.40219.1
Project("{9A19103F-16F7-4668-BE54-9A1E7A4F7556}") = "Budgeteer.Api", "Budgeteer.Api\Budgeteer.Api.csproj", "{2168E71F-DEA2-40EB-B81D-CCD601399C1A}"
	ProjectSection(ProjectDependencies) = postProject
		{DC3755E6-F1F7-404D-BF53-18248A6C3626} = {DC3755E6-F1F7-404D-BF53-18248A6C3626}
	EndProjectSection
EndProject
Project("{9A19103F-16F7-4668-BE54-9A1E7A4F7556}") = "Budgeteer.Domain", "Domain\Budgeteer.Domain.csproj", "{2461CD7A-A01B-4759-BBFB-F36421CA25C0}"
EndProject
Project("{9A19103F-16F7-4668-BE54-9A1E7A4F7556}") = "Budgeteer.Application", "Application\Budgeteer.Application.csproj", "{D7DD33B9-7A89-47E5-B529-F72C1E12FF39}"
EndProject
Project("{9A19103F-16F7-4668-BE54-9A1E7A4F7556}") = "Budgeteer.Infrastructure", "Infrastructure\Budgeteer.Infrastructure.csproj", "{DC3755E6-F1F7-404D-BF53-18248A6C3626}"
	ProjectSection(ProjectDependencies) = postProject
		{D7DD33B9-7A89-47E5-B529-F72C1E12FF39} = {D7DD33B9-7A89-47E5-B529-F72C1E12FF39}
	EndProjectSection
EndProject
Global
	GlobalSection(SolutionConfigurationPlatforms) = preSolution
		Debug|Any CPU = Debug|Any CPU
		Release|Any CPU = Release|Any CPU
	EndGlobalSection
	GlobalSection(ProjectConfigurationPlatforms) = postSolution
		{2168E71F-DEA2-40EB-B81D-CCD601399C1A}.Debug|Any CPU.ActiveCfg = Debug|Any CPU
		{2168E71F-DEA2-40EB-B81D-CCD601399C1A}.Debug|Any CPU.Build.0 = Debug|Any CPU
		{2168E71F-DEA2-40EB-B81D-CCD601399C1A}.Release|Any CPU.ActiveCfg = Release|Any CPU
		{2168E71F-DEA2-40EB-B81D-CCD601399C1A}.Release|Any CPU.Build.0 = Release|Any CPU
		{2461CD7A-A01B-4759-BBFB-F36421CA25C0}.Debug|Any CPU.ActiveCfg = Debug|Any CPU
		{2461CD7A-A01B-4759-BBFB-F36421CA25C0}.Debug|Any CPU.Build.0 = Debug|Any CPU
		{2461CD7A-A01B-4759-BBFB-F36421CA25C0}.Release|Any CPU.ActiveCfg = Release|Any CPU
		{2461CD7A-A01B-4759-BBFB-F36421CA25C0}.Release|Any CPU.Build.0 = Release|Any CPU
		{D7DD33B9-7A89-47E5-B529-F72C1E12FF39}.Debug|Any CPU.ActiveCfg = Debug|Any CPU
		{D7DD33B9-7A89-47E5-B529-F72C1E12FF39}.Debug|Any CPU.Build.0 = Debug|Any CPU
		{D7DD33B9-7A89-47E5-B529-F72C1E12FF39}.Release|Any CPU.ActiveCfg = Release|Any CPU
		{D7DD33B9-7A89-47E5-B529-F72C1E12FF39}.Release|Any CPU.Build.0 = Release|Any CPU
		{DC3755E6-F1F7-404D-BF53-18248A6C3626}.Debug|Any CPU.ActiveCfg = Debug|Any CPU
		{DC3755E6-F1F7-404D-BF53-18248A6C3626}.Debug|Any CPU.Build.0 = Debug|Any CPU
		{DC3755E6-F1F7-404D-BF53-18248A6C3626}.Release|Any CPU.ActiveCfg = Release|Any CPU
		{DC3755E6-F1F7-404D-BF53-18248A6C3626}.Release|Any CPU.Build.0 = Release|Any CPU
	EndGlobalSection
	GlobalSection(SolutionProperties) = preSolution
		HideSolutionNode = FALSE
	EndGlobalSection
	GlobalSection(ExtensibilityGlobals) = postSolution
		SolutionGuid = {2D95B26C-C608-4102-BEC9-A4C0331D3C03}
	EndGlobalSection
EndGlobal
